<?xml version="1.0" encoding="utf-8"?>
<Project ToolsVersion="4.0" xmlns="http://schemas.microsoft.com/developer/msbuild/2003">
  <ItemGroup>
    <Filter Include="源文件">
      <UniqueIdentifier>{4FC737F1-C7A5-4376-A066-2A32D752A2FF}</UniqueIdentifier>
      <Extensions>cpp;c;cxx;def;odl;idl;hpj;bat;asm;asmx</Extensions>
    </Filter>
    <Filter Include="头文件">
      <UniqueIdentifier>{93995380-89BD-4b04-88EB-625FBE52EBFB}</UniqueIdentifier>
      <Extensions>h;hpp;hxx;hm;inl;inc;xsd</Extensions>
    </Filter>
    <Filter Include="资源文件">
      <UniqueIdentifier>{67DA6AB6-F800-4c08-8B7A-83BB121AAD01}</UniqueIdentifier>
      <Extensions>rc;ico;cur;bmp;dlg;rc2;rct;bin;rgs;gif;jpg;jpeg;jpe;resx</Extensions>
    </Filter>
  </ItemGroup>
  <ItemGroup>
    <ClCompile Include="AdminClientDlg.cpp">
      <Filter>源文件</Filter>
    </ClCompile>
    <ClCompile Include="ExchangeDlg.cpp">
      <Filter>源文件</Filter>
    </ClCompile>
    <ClCompile Include="GameClient.cpp">
      <Filter>源文件</Filter>
    </ClCompile>
    <ClCompile Include="GameClientDlg.cpp">
      <Filter>源文件</Filter>
    </ClCompile>
    <ClCompile Include="GameClientView.cpp">
      <Filter>源文件</Filter>
    </ClCompile>
    <ClCompile Include="MySkinScrollBar.cpp">
      <Filter>源文件</Filter>
    </ClCompile>
    <ClCompile Include="PlayerList.cpp">
      <Filter>源文件</Filter>
    </ClCompile>
    <ClCompile Include="RecordGameList.cpp">
      <Filter>源文件</Filter>
    </ClCompile>
    <ClCompile Include="Stdafx.cpp">
      <Filter>源文件</Filter>
    </ClCompile>
  </ItemGroup>
  <ItemGroup>
    <ClInclude Include="AdminClientDlg.h">
      <Filter>头文件</Filter>
    </ClInclude>
    <ClInclude Include="..\消息定义\CMD_SGZZ.h">
      <Filter>头文件</Filter>
    </ClInclude>
    <ClInclude Include="ExchangeDlg.h">
      <Filter>头文件</Filter>
    </ClInclude>
    <ClInclude Include="GameClient.h">
      <Filter>头文件</Filter>
    </ClInclude>
    <ClInclude Include="GameClientDlg.h">
      <Filter>头文件</Filter>
    </ClInclude>
    <ClInclude Include="GameClientView.h">
      <Filter>头文件</Filter>
    </ClInclude>
    <ClInclude Include="MySkinScrollBar.h">
      <Filter>头文件</Filter>
    </ClInclude>
    <ClInclude Include="PlayerList.h">
      <Filter>头文件</Filter>
    </ClInclude>
    <ClInclude Include="RecordGameList.h">
      <Filter>头文件</Filter>
    </ClInclude>
    <ClInclude Include="Resource.h">
      <Filter>头文件</Filter>
    </ClInclude>
    <ClInclude Include="Stdafx.h">
      <Filter>头文件</Filter>
    </ClInclude>
  </ItemGroup>
  <ItemGroup>
    <Image Include="Res\ADDSTEP1.bmp">
      <Filter>资源文件</Filter>
    </Image>
    <Image Include="Res\ADDSTEP10.bmp">
      <Filter>资源文件</Filter>
    </Image>
    <Image Include="Res\ADDSTEP100.bmp">
      <Filter>资源文件</Filter>
    </Image>
    <Image Include="Res\ADDSTEP100_H.bmp">
      <Filter>资源文件</Filter>
    </Image>
    <Image Include="Res\ADDSTEP10_H.bmp">
      <Filter>资源文件</Filter>
    </Image>
    <Image Include="Res\ADDSTEP1_H.bmp">
      <Filter>资源文件</Filter>
    </Image>
    <Image Include="Res\BANK.bmp">
      <Filter>资源文件</Filter>
    </Image>
    <Image Include="Res\BANKER_DOWN.bmp">
      <Filter>资源文件</Filter>
    </Image>
    <Image Include="Res\BANKER_UP.bmp">
      <Filter>资源文件</Filter>
    </Image>
    <Image Include="Res\BET_BIG.bmp">
      <Filter>资源文件</Filter>
    </Image>
    <Image Include="Res\BET_LAST.bmp">
      <Filter>资源文件</Filter>
    </Image>
    <Image Include="Res\BET_LAST2.bmp">
      <Filter>资源文件</Filter>
    </Image>
    <Image Include="Res\BET_SMALL.bmp">
      <Filter>资源文件</Filter>
    </Image>
    <Image Include="Res\BIG_SMALL_NUMBER.bmp">
      <Filter>资源文件</Filter>
    </Image>
    <Image Include="Res\BT_APPLY_BANKER.bmp">
      <Filter>资源文件</Filter>
    </Image>
    <Image Include="Res\Bt_cancel_apply.bmp">
      <Filter>资源文件</Filter>
    </Image>
    <Image Include="Res\BT_CANCEL_BANKER.bmp">
      <Filter>资源文件</Filter>
    </Image>
    <Image Include="Res\BT_CHIP_100.bmp">
      <Filter>资源文件</Filter>
    </Image>
    <Image Include="Res\BT_CHIP_1000.bmp">
      <Filter>资源文件</Filter>
    </Image>
    <Image Include="Res\BT_CHIP_10000.bmp">
      <Filter>资源文件</Filter>
    </Image>
    <Image Include="Res\BT_CHIP_CLOSE.bmp">
      <Filter>资源文件</Filter>
    </Image>
    <Image Include="Res\BT_CHIP_CLOSE_X.bmp">
      <Filter>资源文件</Filter>
    </Image>
    <Image Include="Res\BT_CHIP_EMPTY.bmp">
      <Filter>资源文件</Filter>
    </Image>
    <Image Include="Res\BT_CHIP_MAX.bmp">
      <Filter>资源文件</Filter>
    </Image>
    <Image Include="Res\BT_CHIP_OK.bmp">
      <Filter>资源文件</Filter>
    </Image>
    <Image Include="Res\BT_SCORE_MOVE_L.bmp">
      <Filter>资源文件</Filter>
    </Image>
    <Image Include="Res\BT_SCORE_MOVE_R.bmp">
      <Filter>资源文件</Filter>
    </Image>
    <Image Include="Res\CHIP_BACK.bmp">
      <Filter>资源文件</Filter>
    </Image>
    <Image Include="Res\GAME_LOGO.bmp">
      <Filter>资源文件</Filter>
    </Image>
    <Image Include="Res\GameClient.ico">
      <Filter>资源文件</Filter>
    </Image>
    <Image Include="Res\GoodLuck_Flash1.bmp">
      <Filter>资源文件</Filter>
    </Image>
    <Image Include="Res\GoodLuck_Flash2.bmp">
      <Filter>资源文件</Filter>
    </Image>
    <Image Include="Res\HISTORY_RECORD.bmp">
      <Filter>资源文件</Filter>
    </Image>
    <Image Include="Res\ME_SCORE_NUMBER.bmp">
      <Filter>资源文件</Filter>
    </Image>
    <Image Include="Res\pngApplyList.BMP">
      <Filter>资源文件</Filter>
    </Image>
    <Image Include="Res\pngApplyList_H.BMP">
      <Filter>资源文件</Filter>
    </Image>
    <Image Include="Res\pngPlayerList.BMP">
      <Filter>资源文件</Filter>
    </Image>
    <Image Include="Res\pngPlayerList_H.BMP">
      <Filter>资源文件</Filter>
    </Image>
    <Image Include="Res\SCORE_NUMBER.bmp">
      <Filter>资源文件</Filter>
    </Image>
    <Image Include="Res\scrollbar.bmp">
      <Filter>资源文件</Filter>
    </Image>
    <Image Include="Res\VIEW_BACK.bmp">
      <Filter>资源文件</Filter>
    </Image>
    <Image Include="Res\VIEW_FILL.bmp">
      <Filter>资源文件</Filter>
    </Image>
    <Image Include="Res\ADDSTEP1.png" />
    <Image Include="Res\ADDSTEP10.png" />
    <Image Include="Res\ADDSTEP100.png" />
    <Image Include="Res\APPLE.png" />
    <Image Include="Res\APPLE2.png" />
    <Image Include="Res\APPLE_FOUR.png" />
    <Image Include="Res\BAR.png" />
    <Image Include="Res\BAR2.png" />
    <Image Include="Res\BELL.png" />
    <Image Include="Res\BELL2.png" />
    <Image Include="Res\BET_BIG_SMALL_NUMBER.png" />
    <Image Include="Res\BET_JETTON_NUMBER.png" />
    <Image Include="Res\BIG_THREE.png" />
    <Image Include="Res\BIGSMALL_LOSE.png" />
    <Image Include="Res\BIGSMALL_WIN.png" />
    <Image Include="Res\BITSMALLTIME.png" />
    <Image Include="Res\Bt_chip_close_x.png" />
    <Image Include="Res\CARDS_CARTOON.png" />
    <Image Include="Res\CARDS_CARTOON2.png" />
    <Image Include="Res\CHIP_BACK.png" />
    <Image Include="Res\D_SEVEN.png" />
    <Image Include="Res\D_SEVEN2.png" />
    <Image Include="Res\D_STAR.png" />
    <Image Include="Res\D_STAR2.png" />
    <Image Include="Res\FREETIME.png" />
    <Image Include="Res\JETTONTIME.png" />
    <Image Include="Res\LOGO.png" />
    <Image Include="Res\LUCKY_LOST.png" />
    <Image Include="Res\ORANGE.png" />
    <Image Include="Res\ORANGE2.png" />
    <Image Include="Res\PAWPAW.png" />
    <Image Include="Res\PAWPAW2.png" />
    <Image Include="Res\png_jettonback.png" />
    <Image Include="Res\png_jettonbutton.png" />
    <Image Include="Res\png_line.png" />
    <Image Include="Res\png_move.png" />
    <Image Include="Res\pngRecordTip.png" />
    <Image Include="Res\RUN_TRAIN.png" />
    <Image Include="Res\RUNTIME.png" />
    <Image Include="Res\SMALL_THREE.png" />
    <Image Include="Res\WATERMELON.png" />
    <Image Include="Res\WATERMELON2.png" />
  </ItemGroup>
  <ItemGroup>
    <None Include="Res\cursor1.cur">
      <Filter>资源文件</Filter>
    </None>
    <None Include="Res\Cursor_1.cur">
      <Filter>资源文件</Filter>
    </None>
    <None Include="Res\Cursor_2.cur">
      <Filter>资源文件</Filter>
    </None>
    <None Include="Res\Cursor_3.cur">
      <Filter>资源文件</Filter>
    </None>
    <None Include="res\GameClient.rc2">
      <Filter>资源文件</Filter>
    </None>
  </ItemGroup>
  <ItemGroup>
    <ResourceCompile Include="GameClient.rc">
      <Filter>资源文件</Filter>
    </ResourceCompile>
  </ItemGroup>
  <ItemGroup>
    <Media Include="Res\Sound\areaAPPLE.wav" />
    <Media Include="Res\Sound\areaBAR.wav" />
    <Media Include="Res\Sound\areaBELL.wav" />
    <Media Include="Res\Sound\areaD_SEVEN.wav" />
    <Media Include="Res\Sound\areaD_STAR.wav" />
    <Media Include="Res\Sound\areaORANGE.wav" />
    <Media Include="Res\Sound\areaPAWPAW.wav" />
    <Media Include="Res\Sound\areaWATERMELON.wav" />
    <Media Include="Res\Sound\BACK_GROUND.wav" />
    <Media Include="Res\Sound\DISPATCH_CARD.wav" />
    <Media Include="Res\Sound\DU_LOSE.wav" />
    <Media Include="Res\Sound\DU_WIN.wav" />
    <Media Include="Res\Sound\GAME_START.wav" />
    <Media Include="Res\Sound\KEY_SOUND_1.wav" />
    <Media Include="Res\Sound\KEY_SOUND_2.wav" />
    <Media Include="Res\Sound\KEY_SOUND_3.wav" />
    <Media Include="Res\Sound\KEY_SOUND_4.wav" />
    <Media Include="Res\Sound\KEY_SOUND_5.wav" />
    <Media Include="Res\Sound\KEY_SOUND_6.wav" />
    <Media Include="Res\Sound\KEY_SOUND_7.wav" />
    <Media Include="Res\Sound\KEY_SOUND_8.wav" />
    <Media Include="Res\Sound\LUCKY_FLASH.wav" />
    <Media Include="Res\Sound\LUCKY_HIT.wav" />
    <Media Include="Res\Sound\Rand0.wav" />
    <Media Include="Res\Sound\Rand1.wav" />
    <Media Include="Res\Sound\Rand2.wav" />
    <Media Include="Res\Sound\STOP_JETTON.wav" />
    <Media Include="Res\Sound\TIME_WARIMG.wav" />
    <Media Include="Res\Sound\TURN_START.wav" />
  </ItemGroup>
</Project>